
Microsoft Visual Studio Solution File, Format Version 12.00
# Visual Studio Version 17
VisualStudioVersion = 17.5.33516.290
MinimumVisualStudioVersion = 10.0.40219.1
Project("{FAE04EC0-301F-11D3-BF4B-00C04F79EFBC}") = "HelloWorldEntity", "HelloWorldEntity\HelloWorldEntity.csproj", "{CE9C60C7-3484-485F-B9D0-AE93046A743E}"
EndProject
Project("{FAE04EC0-301F-11D3-BF4B-00C04F79EFBC}") = "EntityLayer", "EntityLayer\EntityLayer.csproj", "{BAB89318-9046-476A-8745-D23024DC62EB}"
EndProject
Project("{FAE04EC0-301F-11D3-BF4B-00C04F79EFBC}") = "DataAccessLayer", "DataAccessLayer\DataAccessLayer.csproj", "{2A373D7C-EF68-4E12-A863-9856EEAAC8E8}"
EndProject
Project("{FAE04EC0-301F-11D3-BF4B-00C04F79EFBC}") = "BusinessLayer", "BusinessLayer\BusinessLayer.csproj", "{B02DD6B2-E4AB-43F3-9EC3-8752AA38281D}"
EndProject
Project("{FAE04EC0-301F-11D3-BF4B-00C04F79EFBC}") = "CoreLayer", "CoreLayer\CoreLayer.csproj", "{97F662C4-1D2B-4C76-9AAD-646D49B3DA13}"
EndProject
Global
	GlobalSection(SolutionConfigurationPlatforms) = preSolution
		Debug|Any CPU = Debug|Any CPU
		Release|Any CPU = Release|Any CPU
	EndGlobalSection
	GlobalSection(ProjectConfigurationPlatforms) = postSolution
		{CE9C60C7-3484-485F-B9D0-AE93046A743E}.Debug|Any CPU.ActiveCfg = Debug|Any CPU
		{CE9C60C7-3484-485F-B9D0-AE93046A743E}.Debug|Any CPU.Build.0 = Debug|Any CPU
		{CE9C60C7-3484-485F-B9D0-AE93046A743E}.Release|Any CPU.ActiveCfg = Release|Any CPU
		{CE9C60C7-3484-485F-B9D0-AE93046A743E}.Release|Any CPU.Build.0 = Release|Any CPU
		{BAB89318-9046-476A-8745-D23024DC62EB}.Debug|Any CPU.ActiveCfg = Debug|Any CPU
		{BAB89318-9046-476A-8745-D23024DC62EB}.Debug|Any CPU.Build.0 = Debug|Any CPU
		{BAB89318-9046-476A-8745-D23024DC62EB}.Release|Any CPU.ActiveCfg = Release|Any CPU
		{BAB89318-9046-476A-8745-D23024DC62EB}.Release|Any CPU.Build.0 = Release|Any CPU
		{2A373D7C-EF68-4E12-A863-9856EEAAC8E8}.Debug|Any CPU.ActiveCfg = Debug|Any CPU
		{2A373D7C-EF68-4E12-A863-9856EEAAC8E8}.Debug|Any CPU.Build.0 = Debug|Any CPU
		{2A373D7C-EF68-4E12-A863-9856EEAAC8E8}.Release|Any CPU.ActiveCfg = Release|Any CPU
		{2A373D7C-EF68-4E12-A863-9856EEAAC8E8}.Release|Any CPU.Build.0 = Release|Any CPU
		{B02DD6B2-E4AB-43F3-9EC3-8752AA38281D}.Debug|Any CPU.ActiveCfg = Debug|Any CPU
		{B02DD6B2-E4AB-43F3-9EC3-8752AA38281D}.Debug|Any CPU.Build.0 = Debug|Any CPU
		{B02DD6B2-E4AB-43F3-9EC3-8752AA38281D}.Release|Any CPU.ActiveCfg = Release|Any CPU
		{B02DD6B2-E4AB-43F3-9EC3-8752AA38281D}.Release|Any CPU.Build.0 = Release|Any CPU
		{97F662C4-1D2B-4C76-9AAD-646D49B3DA13}.Debug|Any CPU.ActiveCfg = Debug|Any CPU
		{97F662C4-1D2B-4C76-9AAD-646D49B3DA13}.Debug|Any CPU.Build.0 = Debug|Any CPU
		{97F662C4-1D2B-4C76-9AAD-646D49B3DA13}.Release|Any CPU.ActiveCfg = Release|Any CPU
		{97F662C4-1D2B-4C76-9AAD-646D49B3DA13}.Release|Any CPU.Build.0 = Release|Any CPU
	EndGlobalSection
	GlobalSection(SolutionProperties) = preSolution
		HideSolutionNode = FALSE
	EndGlobalSection
	GlobalSection(ExtensibilityGlobals) = postSolution
		SolutionGuid = {1AFC7EEA-B825-4230-AF16-99A2BCDC4A61}
	EndGlobalSection
EndGlobal
